
Microsoft Visual Studio Solution File, Format Version 12.00
# Visual Studio Version 17
VisualStudioVersion = 17.6.33815.320
MinimumVisualStudioVersion = 10.0.40219.1
Project("{FAE04EC0-301F-11D3-BF4B-00C04F79EFBC}") = "Calculadora_Csharp", "Calculadora_Csharp.csproj", "{2B007479-DE3C-4C6A-B08B-EBF140DB4024}"
EndProject
Global
	GlobalSection(SolutionConfigurationPlatforms) = preSolution
		Debug|Any CPU = Debug|Any CPU
		Release|Any CPU = Release|Any CPU
	EndGlobalSection
	GlobalSection(ProjectConfigurationPlatforms) = postSolution
		{2B007479-DE3C-4C6A-B08B-EBF140DB4024}.Debug|Any CPU.ActiveCfg = Debug|Any CPU
		{2B007479-DE3C-4C6A-B08B-EBF140DB4024}.Debug|Any CPU.Build.0 = Debug|Any CPU
		{2B007479-DE3C-4C6A-B08B-EBF140DB4024}.Release|Any CPU.ActiveCfg = Release|Any CPU
		{2B007479-DE3C-4C6A-B08B-EBF140DB4024}.Release|Any CPU.Build.0 = Release|Any CPU
	EndGlobalSection
	GlobalSection(SolutionProperties) = preSolution
		HideSolutionNode = FALSE
	EndGlobalSection
	GlobalSection(ExtensibilityGlobals) = postSolution
		SolutionGuid = {5732C2B8-7C1E-4134-810A-D8D3CEAA2843}
	EndGlobalSection
EndGlobal
